<?xml version="1.0" encoding="UTF-8" standalone="yes" ?>
<CodeBlocks_project_file>
	<FileVersion major="1" minor="6" />
	<Project>
		<Option title="LeetCode" />
		<Option pch_mode="2" />
		<Option compiler="gcc_compiler" />
		<Build>
			<Target title="Debug">
				<Option output="bin/Debug/LeetCode" prefix_auto="1" extension_auto="1" />
				<Option object_output="obj/Debug/" />
				<Option type="1" />
				<Option compiler="gcc_compiler" />
				<Compiler>
					<Add option="-g" />
					<Add directory="include" />
				</Compiler>
			</Target>
			<Target title="Release">
				<Option output="bin/Release/LeetCode" prefix_auto="1" extension_auto="1" />
				<Option object_output="obj/Release/" />
				<Option type="1" />
				<Option compiler="gcc_compiler" />
				<Compiler>
					<Add option="-O2" />
					<Add directory="include" />
				</Compiler>
				<Linker>
					<Add option="-s" />
				</Linker>
			</Target>
		</Build>
		<Compiler>
			<Add option="-Wall" />
			<Add option="-fexceptions" />
		</Compiler>
		<Unit filename="bin/Debug/data.txt" />
		<Unit filename="include/vector_helper.h" />
		<Unit filename="src/537.cpp">
			<Option compile="0" />
			<Option link="0" />
		</Unit>
		<Unit filename="src/557.cpp">
			<Option compile="0" />
			<Option link="0" />
		</Unit>
		<Unit filename="src/657.cpp">
			<Option compile="0" />
			<Option link="0" />
		</Unit>
		<Unit filename="src/709.cpp">
			<Option compile="0" />
			<Option link="0" />
		</Unit>
		<Unit filename="src/791.cpp">
			<Option compile="0" />
			<Option link="0" />
		</Unit>
		<Unit filename="src/804.cpp">
			<Option compile="0" />
			<Option link="0" />
		</Unit>
		<Unit filename="src/824.cpp">
			<Option compile="0" />
			<Option link="0" />
		</Unit>
		<Unit filename="src/832.cpp">
			<Option compile="0" />
			<Option link="0" />
		</Unit>
		<Unit filename="src/856.cpp" />
		<Unit filename="src/vector_helper.cpp">
			<Option compile="0" />
			<Option link="0" />
		</Unit>
		<Extensions>
			<code_completion />
			<envvars />
			<debugger />
		</Extensions>
	</Project>
</CodeBlocks_project_file>
